
Microsoft Visual Studio Solution File, Format Version 12.00
# Visual Studio 15
VisualStudioVersion = 15.0.27130.2010
MinimumVisualStudioVersion = 10.0.40219.1
Project("{FAE04EC0-301F-11D3-BF4B-00C04F79EFBC}") = "SerilogMVC", "SerilogMVC\SerilogMVC.csproj", "{5FE36CE9-D915-4802-974F-0A88371A9190}"
EndProject
Global
	GlobalSection(SolutionConfigurationPlatforms) = preSolution
		Debug|Any CPU = Debug|Any CPU
		Release|Any CPU = Release|Any CPU
	EndGlobalSection
	GlobalSection(ProjectConfigurationPlatforms) = postSolution
		{5FE36CE9-D915-4802-974F-0A88371A9190}.Debug|Any CPU.ActiveCfg = Debug|Any CPU
		{5FE36CE9-D915-4802-974F-0A88371A9190}.Debug|Any CPU.Build.0 = Debug|Any CPU
		{5FE36CE9-D915-4802-974F-0A88371A9190}.Release|Any CPU.ActiveCfg = Release|Any CPU
		{5FE36CE9-D915-4802-974F-0A88371A9190}.Release|Any CPU.Build.0 = Release|Any CPU
	EndGlobalSection
	GlobalSection(SolutionProperties) = preSolution
		HideSolutionNode = FALSE
	EndGlobalSection
	GlobalSection(ExtensibilityGlobals) = postSolution
		SolutionGuid = {82FF9CB3-BA0B-4F3B-9E89-4F3FF154C33F}
	EndGlobalSection
EndGlobal
